
Microsoft Visual Studio Solution File, Format Version 12.00
# Visual Studio Version 16
VisualStudioVersion = 16.0.33927.289
MinimumVisualStudioVersion = 10.0.40219.1
Project("{FAE04EC0-301F-11D3-BF4B-00C04F79EFBC}") = "Tyuiu.NikolaichukVS.Sprint2.Task0.V2", "Tyuiu.NikolaichukVS.Sprint2.Task0.V2\Tyuiu.NikolaichukVS.Sprint2.Task0.V2.csproj", "{E0BF8A46-0BAB-4D9C-97E7-4FC7655E56F8}"
EndProject
Project("{FAE04EC0-301F-11D3-BF4B-00C04F79EFBC}") = "Tyuiu.NikolaichukVS.Sprint2.Task0.V2.Lib", "Tyuiu.NikolaichukVS.Sprint2.Task0.V2.Lib\Tyuiu.NikolaichukVS.Sprint2.Task0.V2.Lib.csproj", "{D9757233-303F-474A-9A45-FA3986B40040}"
EndProject
Project("{FAE04EC0-301F-11D3-BF4B-00C04F79EFBC}") = "Tyuiu.NikolaichukVS.Sprint2.Task0.V2.Test", "Tyuiu.NikolaichukVS.Sprint2.Task0.V2.Test\Tyuiu.NikolaichukVS.Sprint2.Task0.V2.Test.csproj", "{1B1A609C-02D9-456D-A252-7AF7519BF7FE}"
EndProject
Project("{2150E333-8FDC-42A3-9474-1A3956D46DE8}") = "Task0", "Task0", "{2474B753-7FF2-4AFC-B93D-29B4F446C792}"
EndProject
Project("{2150E333-8FDC-42A3-9474-1A3956D46DE8}") = "Task1", "Task1", "{1DB56AFF-5392-4B4D-ABE6-6C6A621049D2}"
EndProject
Project("{FAE04EC0-301F-11D3-BF4B-00C04F79EFBC}") = "Tyuiu.NikolaichukVS.Sprint2.Task1.V6", "Tyuiu.NikolaichukVS.Sprint2.Task1.V6\Tyuiu.NikolaichukVS.Sprint2.Task1.V6.csproj", "{A2A4B1E8-F77F-4893-B843-D8B018130996}"
EndProject
Project("{FAE04EC0-301F-11D3-BF4B-00C04F79EFBC}") = "Tyuiu.NikolaichukVS.Sprint2.Task1.V6.Lib", "Tyuiu.NikolaichukVS.Sprint2.Task1.V6.Lib\Tyuiu.NikolaichukVS.Sprint2.Task1.V6.Lib.csproj", "{92F555AD-2229-42FA-BCEB-7DCB2E346B33}"
EndProject
Project("{FAE04EC0-301F-11D3-BF4B-00C04F79EFBC}") = "Tyuiu.NikolaichukVS.Sprint2.Task1.V6.Test", "Tyuiu.NikolaichukVS.Sprint2.Task1.V6.Test\Tyuiu.NikolaichukVS.Sprint2.Task1.V6.Test.csproj", "{9289ADE2-37F4-47AF-B5E7-6C3DFF2C45A5}"
EndProject
Project("{2150E333-8FDC-42A3-9474-1A3956D46DE8}") = "Task2", "Task2", "{ED85173A-6C0A-4949-894F-49787572174A}"
EndProject
Project("{FAE04EC0-301F-11D3-BF4B-00C04F79EFBC}") = "Tyuiu.NikolaichukVS.Sprint2.Task2.V18", "Tyuiu.NikolaichukVS.Sprint2.Task2.V18\Tyuiu.NikolaichukVS.Sprint2.Task2.V18.csproj", "{DC266AB0-D3EC-4D43-9E5C-C4074C58F349}"
EndProject
Project("{FAE04EC0-301F-11D3-BF4B-00C04F79EFBC}") = "Tyuiu.NikolaichukVS.Sprint2.Task2.V18.Lib", "Tyuiu.NikolaichukVS.Sprint2.Task2.V18.Lib\Tyuiu.NikolaichukVS.Sprint2.Task2.V18.Lib.csproj", "{4E7F9C9E-6D9C-47AF-B307-F00574EDEABD}"
EndProject
Project("{FAE04EC0-301F-11D3-BF4B-00C04F79EFBC}") = "Tyuiu.NikolaichukVS.Sprint2.Task2.V18.Test", "Tyuiu.NikolaichukVS.Sprint2.Task2.V18.Test\Tyuiu.NikolaichukVS.Sprint2.Task2.V18.Test.csproj", "{AF182034-39D6-4C5A-BA47-2A5B4CF60146}"
EndProject
Project("{2150E333-8FDC-42A3-9474-1A3956D46DE8}") = "Task3", "Task3", "{17523470-7170-479C-AADA-F79C69B987FA}"
EndProject
Project("{FAE04EC0-301F-11D3-BF4B-00C04F79EFBC}") = "Tyuiu.NikolaichukVS.Sprint2.Task3.V11", "Tyuiu.NikolaichukVS.Sprint2.Task3.V11\Tyuiu.NikolaichukVS.Sprint2.Task3.V11.csproj", "{1BC50319-41BA-45AB-BEC0-92812B1955FC}"
EndProject
Project("{FAE04EC0-301F-11D3-BF4B-00C04F79EFBC}") = "Tyuiu.NikolaichukVS.Sprint2.Task3.V11.Lib", "Tyuiu.NikolaichukVS.Sprint2.Task3.V11.Lib\Tyuiu.NikolaichukVS.Sprint2.Task3.V11.Lib.csproj", "{205BD93E-065C-4B97-A4AE-A3F103A9508F}"
EndProject
Project("{FAE04EC0-301F-11D3-BF4B-00C04F79EFBC}") = "Tyuiu.NikolaichukVS.Sprint2.Task3.V11.Test", "Tyuiu.NikolaichukVS.Sprint2.Task3.V11.Test\Tyuiu.NikolaichukVS.Sprint2.Task3.V11.Test.csproj", "{B9688A4B-5C26-472E-B8FE-564354B9220F}"
EndProject
Project("{2150E333-8FDC-42A3-9474-1A3956D46DE8}") = "Task4", "Task4", "{88316CBD-AEFF-482C-B6B0-527BBA382883}"
EndProject
Project("{FAE04EC0-301F-11D3-BF4B-00C04F79EFBC}") = "Tyuiu.NikolaichukVS.Sprint2.Task4.V29", "Tyuiu.NikolaichukVS.Sprint2.Task4.V29\Tyuiu.NikolaichukVS.Sprint2.Task4.V29.csproj", "{C016306C-6DCB-4FEE-812A-40D9E14C34CA}"
EndProject
Project("{FAE04EC0-301F-11D3-BF4B-00C04F79EFBC}") = "Tyuiu.NikolaichukVS.Sprint2.Task4.V29.Lib", "Tyuiu.NikolaichukVS.Sprint2.Task4.V29.Lib\Tyuiu.NikolaichukVS.Sprint2.Task4.V29.Lib.csproj", "{7AF5E1AD-1A4C-4836-A462-4FF276AEC342}"
EndProject
Project("{FAE04EC0-301F-11D3-BF4B-00C04F79EFBC}") = "Tyuiu.NikolaichukVS.Sprint2.Task4.V29.Test", "Tyuiu.NikolaichukVS.Sprint2.Task4.V29.Test\Tyuiu.NikolaichukVS.Sprint2.Task4.V29.Test.csproj", "{CEA2044D-0F1C-4D0B-A8A6-DBD081DAC872}"
EndProject
Project("{2150E333-8FDC-42A3-9474-1A3956D46DE8}") = "Task5", "Task5", "{30564153-7173-418E-8C10-DF3DBA0CCC7A}"
EndProject
Project("{FAE04EC0-301F-11D3-BF4B-00C04F79EFBC}") = "Tyuiu.NikolaichukVS.Sprint2.Task5.V3", "Tyuiu.NikolaichukVS.Sprint2.Task5.V3\Tyuiu.NikolaichukVS.Sprint2.Task5.V3.csproj", "{0C7B526A-4465-4682-88C4-962155CB9487}"
EndProject
Project("{FAE04EC0-301F-11D3-BF4B-00C04F79EFBC}") = "Tyuiu.NikolaichukVS.Sprint2.Task5.V3.Lib", "Tyuiu.NikolaichukVS.Sprint2.Task5.V3.Lib\Tyuiu.NikolaichukVS.Sprint2.Task5.V3.Lib.csproj", "{7E021FDB-ACD8-427F-BE2F-8CF8F0BDFC53}"
EndProject
Project("{FAE04EC0-301F-11D3-BF4B-00C04F79EFBC}") = "Tyuiu.NikolaichukVS.Sprint2.Task5.V3.Test", "Tyuiu.NikolaichukVS.Sprint2.Task5.V3.Test\Tyuiu.NikolaichukVS.Sprint2.Task5.V3.Test.csproj", "{A7E46A27-3D82-46CC-BEAE-B3E88660DB13}"
EndProject
Project("{2150E333-8FDC-42A3-9474-1A3956D46DE8}") = "Task6", "Task6", "{3F54BD68-48A9-422E-BB1D-D22490BD4F68}"
EndProject
Project("{FAE04EC0-301F-11D3-BF4B-00C04F79EFBC}") = "Tyuiu.NikolaichukVS.Sprint2.Task6.V14", "Tyuiu.NikolaichukVS.Sprint2.Task6.V14\Tyuiu.NikolaichukVS.Sprint2.Task6.V14.csproj", "{968E8B48-105C-4527-AD94-3E68553C4B90}"
EndProject
Project("{FAE04EC0-301F-11D3-BF4B-00C04F79EFBC}") = "Tyuiu.NikolaichukVS.Sprint2.Task6.V14.Lib", "Tyuiu.NikolaichukVS.Sprint2.Task6.V14.Lib\Tyuiu.NikolaichukVS.Sprint2.Task6.V14.Lib.csproj", "{BB0AF6A1-E9A8-463C-8F25-64238C93C59D}"
EndProject
Project("{FAE04EC0-301F-11D3-BF4B-00C04F79EFBC}") = "Tyuiu.NikolaichukVS.Sprint2.Task6.V14.Test", "Tyuiu.NikolaichukVS.Sprint2.Task6.V14.Test\Tyuiu.NikolaichukVS.Sprint2.Task6.V14.Test.csproj", "{93D7BE26-485D-479E-B3EC-20014F75312E}"
EndProject
Project("{2150E333-8FDC-42A3-9474-1A3956D46DE8}") = "Task7", "Task7", "{75CD3DAD-EF08-4E79-B87C-4B3439DECDDD}"
EndProject
Project("{FAE04EC0-301F-11D3-BF4B-00C04F79EFBC}") = "Tyuiu.NikolaichukVS.Sprint2.Task7.V14", "Tyuiu.NikolaichukVS.Sprint2.Task7.V14\Tyuiu.NikolaichukVS.Sprint2.Task7.V14.csproj", "{0780992B-40C8-4680-84E9-F462D0986DBD}"
EndProject
Project("{FAE04EC0-301F-11D3-BF4B-00C04F79EFBC}") = "Tyuiu.NikolaichukVS.Sprint2.Task7.V14.Lib", "Tyuiu.NikolaichukVS.Sprint2.Task7.V14.Lib\Tyuiu.NikolaichukVS.Sprint2.Task7.V14.Lib.csproj", "{60905A54-0784-4DBF-B78C-1D816530C3BA}"
EndProject
Project("{FAE04EC0-301F-11D3-BF4B-00C04F79EFBC}") = "Tyuiu.NikolaichukVS.Sprint2.Task7.V14.Test", "Tyuiu.NikolaichukVS.Sprint2.Task7.V14.Test\Tyuiu.NikolaichukVS.Sprint2.Task7.V14.Test.csproj", "{E2AC5D49-20CB-4580-ABC2-C4F266766DB8}"
EndProject
Global
	GlobalSection(SolutionConfigurationPlatforms) = preSolution
		Debug|Any CPU = Debug|Any CPU
		Release|Any CPU = Release|Any CPU
	EndGlobalSection
	GlobalSection(ProjectConfigurationPlatforms) = postSolution
		{E0BF8A46-0BAB-4D9C-97E7-4FC7655E56F8}.Debug|Any CPU.ActiveCfg = Debug|Any CPU
		{E0BF8A46-0BAB-4D9C-97E7-4FC7655E56F8}.Debug|Any CPU.Build.0 = Debug|Any CPU
		{E0BF8A46-0BAB-4D9C-97E7-4FC7655E56F8}.Release|Any CPU.ActiveCfg = Release|Any CPU
		{E0BF8A46-0BAB-4D9C-97E7-4FC7655E56F8}.Release|Any CPU.Build.0 = Release|Any CPU
		{D9757233-303F-474A-9A45-FA3986B40040}.Debug|Any CPU.ActiveCfg = Debug|Any CPU
		{D9757233-303F-474A-9A45-FA3986B40040}.Debug|Any CPU.Build.0 = Debug|Any CPU
		{D9757233-303F-474A-9A45-FA3986B40040}.Release|Any CPU.ActiveCfg = Release|Any CPU
		{D9757233-303F-474A-9A45-FA3986B40040}.Release|Any CPU.Build.0 = Release|Any CPU
		{1B1A609C-02D9-456D-A252-7AF7519BF7FE}.Debug|Any CPU.ActiveCfg = Debug|Any CPU
		{1B1A609C-02D9-456D-A252-7AF7519BF7FE}.Debug|Any CPU.Build.0 = Debug|Any CPU
		{1B1A609C-02D9-456D-A252-7AF7519BF7FE}.Release|Any CPU.ActiveCfg = Release|Any CPU
		{1B1A609C-02D9-456D-A252-7AF7519BF7FE}.Release|Any CPU.Build.0 = Release|Any CPU
		{A2A4B1E8-F77F-4893-B843-D8B018130996}.Debug|Any CPU.ActiveCfg = Debug|Any CPU
		{A2A4B1E8-F77F-4893-B843-D8B018130996}.Debug|Any CPU.Build.0 = Debug|Any CPU
		{A2A4B1E8-F77F-4893-B843-D8B018130996}.Release|Any CPU.ActiveCfg = Release|Any CPU
		{A2A4B1E8-F77F-4893-B843-D8B018130996}.Release|Any CPU.Build.0 = Release|Any CPU
		{92F555AD-2229-42FA-BCEB-7DCB2E346B33}.Debug|Any CPU.ActiveCfg = Debug|Any CPU
		{92F555AD-2229-42FA-BCEB-7DCB2E346B33}.Debug|Any CPU.Build.0 = Debug|Any CPU
		{92F555AD-2229-42FA-BCEB-7DCB2E346B33}.Release|Any CPU.ActiveCfg = Release|Any CPU
		{92F555AD-2229-42FA-BCEB-7DCB2E346B33}.Release|Any CPU.Build.0 = Release|Any CPU
		{9289ADE2-37F4-47AF-B5E7-6C3DFF2C45A5}.Debug|Any CPU.ActiveCfg = Debug|Any CPU
		{9289ADE2-37F4-47AF-B5E7-6C3DFF2C45A5}.Debug|Any CPU.Build.0 = Debug|Any CPU
		{9289ADE2-37F4-47AF-B5E7-6C3DFF2C45A5}.Release|Any CPU.ActiveCfg = Release|Any CPU
		{9289ADE2-37F4-47AF-B5E7-6C3DFF2C45A5}.Release|Any CPU.Build.0 = Release|Any CPU
		{DC266AB0-D3EC-4D43-9E5C-C4074C58F349}.Debug|Any CPU.ActiveCfg = Debug|Any CPU
		{DC266AB0-D3EC-4D43-9E5C-C4074C58F349}.Debug|Any CPU.Build.0 = Debug|Any CPU
		{DC266AB0-D3EC-4D43-9E5C-C4074C58F349}.Release|Any CPU.ActiveCfg = Release|Any CPU
		{DC266AB0-D3EC-4D43-9E5C-C4074C58F349}.Release|Any CPU.Build.0 = Release|Any CPU
		{4E7F9C9E-6D9C-47AF-B307-F00574EDEABD}.Debug|Any CPU.ActiveCfg = Debug|Any CPU
		{4E7F9C9E-6D9C-47AF-B307-F00574EDEABD}.Debug|Any CPU.Build.0 = Debug|Any CPU
		{4E7F9C9E-6D9C-47AF-B307-F00574EDEABD}.Release|Any CPU.ActiveCfg = Release|Any CPU
		{4E7F9C9E-6D9C-47AF-B307-F00574EDEABD}.Release|Any CPU.Build.0 = Release|Any CPU
		{AF182034-39D6-4C5A-BA47-2A5B4CF60146}.Debug|Any CPU.ActiveCfg = Debug|Any CPU
		{AF182034-39D6-4C5A-BA47-2A5B4CF60146}.Debug|Any CPU.Build.0 = Debug|Any CPU
		{AF182034-39D6-4C5A-BA47-2A5B4CF60146}.Release|Any CPU.ActiveCfg = Release|Any CPU
		{AF182034-39D6-4C5A-BA47-2A5B4CF60146}.Release|Any CPU.Build.0 = Release|Any CPU
		{1BC50319-41BA-45AB-BEC0-92812B1955FC}.Debug|Any CPU.ActiveCfg = Debug|Any CPU
		{1BC50319-41BA-45AB-BEC0-92812B1955FC}.Debug|Any CPU.Build.0 = Debug|Any CPU
		{1BC50319-41BA-45AB-BEC0-92812B1955FC}.Release|Any CPU.ActiveCfg = Release|Any CPU
		{1BC50319-41BA-45AB-BEC0-92812B1955FC}.Release|Any CPU.Build.0 = Release|Any CPU
		{205BD93E-065C-4B97-A4AE-A3F103A9508F}.Debug|Any CPU.ActiveCfg = Debug|Any CPU
		{205BD93E-065C-4B97-A4AE-A3F103A9508F}.Debug|Any CPU.Build.0 = Debug|Any CPU
		{205BD93E-065C-4B97-A4AE-A3F103A9508F}.Release|Any CPU.ActiveCfg = Release|Any CPU
		{205BD93E-065C-4B97-A4AE-A3F103A9508F}.Release|Any CPU.Build.0 = Release|Any CPU
		{B9688A4B-5C26-472E-B8FE-564354B9220F}.Debug|Any CPU.ActiveCfg = Debug|Any CPU
		{B9688A4B-5C26-472E-B8FE-564354B9220F}.Debug|Any CPU.Build.0 = Debug|Any CPU
		{B9688A4B-5C26-472E-B8FE-564354B9220F}.Release|Any CPU.ActiveCfg = Release|Any CPU
		{B9688A4B-5C26-472E-B8FE-564354B9220F}.Release|Any CPU.Build.0 = Release|Any CPU
		{C016306C-6DCB-4FEE-812A-40D9E14C34CA}.Debug|Any CPU.ActiveCfg = Debug|Any CPU
		{C016306C-6DCB-4FEE-812A-40D9E14C34CA}.Debug|Any CPU.Build.0 = Debug|Any CPU
		{C016306C-6DCB-4FEE-812A-40D9E14C34CA}.Release|Any CPU.ActiveCfg = Release|Any CPU
		{C016306C-6DCB-4FEE-812A-40D9E14C34CA}.Release|Any CPU.Build.0 = Release|Any CPU
		{7AF5E1AD-1A4C-4836-A462-4FF276AEC342}.Debug|Any CPU.ActiveCfg = Debug|Any CPU
		{7AF5E1AD-1A4C-4836-A462-4FF276AEC342}.Debug|Any CPU.Build.0 = Debug|Any CPU
		{7AF5E1AD-1A4C-4836-A462-4FF276AEC342}.Release|Any CPU.ActiveCfg = Release|Any CPU
		{7AF5E1AD-1A4C-4836-A462-4FF276AEC342}.Release|Any CPU.Build.0 = Release|Any CPU
		{CEA2044D-0F1C-4D0B-A8A6-DBD081DAC872}.Debug|Any CPU.ActiveCfg = Debug|Any CPU
		{CEA2044D-0F1C-4D0B-A8A6-DBD081DAC872}.Debug|Any CPU.Build.0 = Debug|Any CPU
		{CEA2044D-0F1C-4D0B-A8A6-DBD081DAC872}.Release|Any CPU.ActiveCfg = Release|Any CPU
		{CEA2044D-0F1C-4D0B-A8A6-DBD081DAC872}.Release|Any CPU.Build.0 = Release|Any CPU
		{0C7B526A-4465-4682-88C4-962155CB9487}.Debug|Any CPU.ActiveCfg = Debug|Any CPU
		{0C7B526A-4465-4682-88C4-962155CB9487}.Debug|Any CPU.Build.0 = Debug|Any CPU
		{0C7B526A-4465-4682-88C4-962155CB9487}.Release|Any CPU.ActiveCfg = Release|Any CPU
		{0C7B526A-4465-4682-88C4-962155CB9487}.Release|Any CPU.Build.0 = Release|Any CPU
		{7E021FDB-ACD8-427F-BE2F-8CF8F0BDFC53}.Debug|Any CPU.ActiveCfg = Debug|Any CPU
		{7E021FDB-ACD8-427F-BE2F-8CF8F0BDFC53}.Debug|Any CPU.Build.0 = Debug|Any CPU
		{7E021FDB-ACD8-427F-BE2F-8CF8F0BDFC53}.Release|Any CPU.ActiveCfg = Release|Any CPU
		{7E021FDB-ACD8-427F-BE2F-8CF8F0BDFC53}.Release|Any CPU.Build.0 = Release|Any CPU
		{A7E46A27-3D82-46CC-BEAE-B3E88660DB13}.Debug|Any CPU.ActiveCfg = Debug|Any CPU
		{A7E46A27-3D82-46CC-BEAE-B3E88660DB13}.Debug|Any CPU.Build.0 = Debug|Any CPU
		{A7E46A27-3D82-46CC-BEAE-B3E88660DB13}.Release|Any CPU.ActiveCfg = Release|Any CPU
		{A7E46A27-3D82-46CC-BEAE-B3E88660DB13}.Release|Any CPU.Build.0 = Release|Any CPU
		{968E8B48-105C-4527-AD94-3E68553C4B90}.Debug|Any CPU.ActiveCfg = Debug|Any CPU
		{968E8B48-105C-4527-AD94-3E68553C4B90}.Debug|Any CPU.Build.0 = Debug|Any CPU
		{968E8B48-105C-4527-AD94-3E68553C4B90}.Release|Any CPU.ActiveCfg = Release|Any CPU
		{968E8B48-105C-4527-AD94-3E68553C4B90}.Release|Any CPU.Build.0 = Release|Any CPU
		{BB0AF6A1-E9A8-463C-8F25-64238C93C59D}.Debug|Any CPU.ActiveCfg = Debug|Any CPU
		{BB0AF6A1-E9A8-463C-8F25-64238C93C59D}.Debug|Any CPU.Build.0 = Debug|Any CPU
		{BB0AF6A1-E9A8-463C-8F25-64238C93C59D}.Release|Any CPU.ActiveCfg = Release|Any CPU
		{BB0AF6A1-E9A8-463C-8F25-64238C93C59D}.Release|Any CPU.Build.0 = Release|Any CPU
		{93D7BE26-485D-479E-B3EC-20014F75312E}.Debug|Any CPU.ActiveCfg = Debug|Any CPU
		{93D7BE26-485D-479E-B3EC-20014F75312E}.Debug|Any CPU.Build.0 = Debug|Any CPU
		{93D7BE26-485D-479E-B3EC-20014F75312E}.Release|Any CPU.ActiveCfg = Release|Any CPU
		{93D7BE26-485D-479E-B3EC-20014F75312E}.Release|Any CPU.Build.0 = Release|Any CPU
		{0780992B-40C8-4680-84E9-F462D0986DBD}.Debug|Any CPU.ActiveCfg = Debug|Any CPU
		{0780992B-40C8-4680-84E9-F462D0986DBD}.Debug|Any CPU.Build.0 = Debug|Any CPU
		{0780992B-40C8-4680-84E9-F462D0986DBD}.Release|Any CPU.ActiveCfg = Release|Any CPU
		{0780992B-40C8-4680-84E9-F462D0986DBD}.Release|Any CPU.Build.0 = Release|Any CPU
		{60905A54-0784-4DBF-B78C-1D816530C3BA}.Debug|Any CPU.ActiveCfg = Debug|Any CPU
		{60905A54-0784-4DBF-B78C-1D816530C3BA}.Debug|Any CPU.Build.0 = Debug|Any CPU
		{60905A54-0784-4DBF-B78C-1D816530C3BA}.Release|Any CPU.ActiveCfg = Release|Any CPU
		{60905A54-0784-4DBF-B78C-1D816530C3BA}.Release|Any CPU.Build.0 = Release|Any CPU
		{E2AC5D49-20CB-4580-ABC2-C4F266766DB8}.Debug|Any CPU.ActiveCfg = Debug|Any CPU
		{E2AC5D49-20CB-4580-ABC2-C4F266766DB8}.Debug|Any CPU.Build.0 = Debug|Any CPU
		{E2AC5D49-20CB-4580-ABC2-C4F266766DB8}.Release|Any CPU.ActiveCfg = Release|Any CPU
		{E2AC5D49-20CB-4580-ABC2-C4F266766DB8}.Release|Any CPU.Build.0 = Release|Any CPU
	EndGlobalSection
	GlobalSection(SolutionProperties) = preSolution
		HideSolutionNode = FALSE
	EndGlobalSection
	GlobalSection(NestedProjects) = preSolution
		{E0BF8A46-0BAB-4D9C-97E7-4FC7655E56F8} = {2474B753-7FF2-4AFC-B93D-29B4F446C792}
		{D9757233-303F-474A-9A45-FA3986B40040} = {2474B753-7FF2-4AFC-B93D-29B4F446C792}
		{1B1A609C-02D9-456D-A252-7AF7519BF7FE} = {2474B753-7FF2-4AFC-B93D-29B4F446C792}
		{A2A4B1E8-F77F-4893-B843-D8B018130996} = {1DB56AFF-5392-4B4D-ABE6-6C6A621049D2}
		{92F555AD-2229-42FA-BCEB-7DCB2E346B33} = {1DB56AFF-5392-4B4D-ABE6-6C6A621049D2}
		{9289ADE2-37F4-47AF-B5E7-6C3DFF2C45A5} = {1DB56AFF-5392-4B4D-ABE6-6C6A621049D2}
		{DC266AB0-D3EC-4D43-9E5C-C4074C58F349} = {ED85173A-6C0A-4949-894F-49787572174A}
		{4E7F9C9E-6D9C-47AF-B307-F00574EDEABD} = {ED85173A-6C0A-4949-894F-49787572174A}
		{AF182034-39D6-4C5A-BA47-2A5B4CF60146} = {ED85173A-6C0A-4949-894F-49787572174A}
		{1BC50319-41BA-45AB-BEC0-92812B1955FC} = {17523470-7170-479C-AADA-F79C69B987FA}
		{205BD93E-065C-4B97-A4AE-A3F103A9508F} = {17523470-7170-479C-AADA-F79C69B987FA}
		{B9688A4B-5C26-472E-B8FE-564354B9220F} = {17523470-7170-479C-AADA-F79C69B987FA}
		{C016306C-6DCB-4FEE-812A-40D9E14C34CA} = {88316CBD-AEFF-482C-B6B0-527BBA382883}
		{7AF5E1AD-1A4C-4836-A462-4FF276AEC342} = {88316CBD-AEFF-482C-B6B0-527BBA382883}
		{CEA2044D-0F1C-4D0B-A8A6-DBD081DAC872} = {88316CBD-AEFF-482C-B6B0-527BBA382883}
		{0C7B526A-4465-4682-88C4-962155CB9487} = {30564153-7173-418E-8C10-DF3DBA0CCC7A}
		{7E021FDB-ACD8-427F-BE2F-8CF8F0BDFC53} = {30564153-7173-418E-8C10-DF3DBA0CCC7A}
		{A7E46A27-3D82-46CC-BEAE-B3E88660DB13} = {30564153-7173-418E-8C10-DF3DBA0CCC7A}
		{968E8B48-105C-4527-AD94-3E68553C4B90} = {3F54BD68-48A9-422E-BB1D-D22490BD4F68}
		{BB0AF6A1-E9A8-463C-8F25-64238C93C59D} = {3F54BD68-48A9-422E-BB1D-D22490BD4F68}
		{93D7BE26-485D-479E-B3EC-20014F75312E} = {3F54BD68-48A9-422E-BB1D-D22490BD4F68}
		{0780992B-40C8-4680-84E9-F462D0986DBD} = {75CD3DAD-EF08-4E79-B87C-4B3439DECDDD}
		{60905A54-0784-4DBF-B78C-1D816530C3BA} = {75CD3DAD-EF08-4E79-B87C-4B3439DECDDD}
		{E2AC5D49-20CB-4580-ABC2-C4F266766DB8} = {75CD3DAD-EF08-4E79-B87C-4B3439DECDDD}
	EndGlobalSection
	GlobalSection(ExtensibilityGlobals) = postSolution
		SolutionGuid = {52BBD579-C817-422C-9758-ABB81A72AB82}
	EndGlobalSection
EndGlobal
