
Microsoft Visual Studio Solution File, Format Version 12.00
# Visual Studio Version 16
VisualStudioVersion = 16.0.33927.289
MinimumVisualStudioVersion = 10.0.40219.1
Project("{FAE04EC0-301F-11D3-BF4B-00C04F79EFBC}") = "Tyuiu.NikolaichukVS.Sprint2.Task0.V2", "Tyuiu.NikolaichukVS.Sprint2.Task0.V2\Tyuiu.NikolaichukVS.Sprint2.Task0.V2.csproj", "{E0BF8A46-0BAB-4D9C-97E7-4FC7655E56F8}"
EndProject
Project("{FAE04EC0-301F-11D3-BF4B-00C04F79EFBC}") = "Tyuiu.NikolaichukVS.Sprint2.Task0.V2.Lib", "Tyuiu.NikolaichukVS.Sprint2.Task0.V2.Lib\Tyuiu.NikolaichukVS.Sprint2.Task0.V2.Lib.csproj", "{D9757233-303F-474A-9A45-FA3986B40040}"
EndProject
Project("{FAE04EC0-301F-11D3-BF4B-00C04F79EFBC}") = "Tyuiu.NikolaichukVS.Sprint2.Task0.V2.Test", "Tyuiu.NikolaichukVS.Sprint2.Task0.V2.Test\Tyuiu.NikolaichukVS.Sprint2.Task0.V2.Test.csproj", "{1B1A609C-02D9-456D-A252-7AF7519BF7FE}"
EndProject
Project("{2150E333-8FDC-42A3-9474-1A3956D46DE8}") = "Task0", "Task0", "{2474B753-7FF2-4AFC-B93D-29B4F446C792}"
EndProject
Project("{2150E333-8FDC-42A3-9474-1A3956D46DE8}") = "Task1", "Task1", "{1DB56AFF-5392-4B4D-ABE6-6C6A621049D2}"
EndProject
Project("{FAE04EC0-301F-11D3-BF4B-00C04F79EFBC}") = "Tyuiu.NikolaichukVS.Sprint2.Task1.V6", "Tyuiu.NikolaichukVS.Sprint2.Task1.V6\Tyuiu.NikolaichukVS.Sprint2.Task1.V6.csproj", "{A2A4B1E8-F77F-4893-B843-D8B018130996}"
EndProject
Project("{FAE04EC0-301F-11D3-BF4B-00C04F79EFBC}") = "Tyuiu.NikolaichukVS.Sprint2.Task1.V6.Lib", "Tyuiu.NikolaichukVS.Sprint2.Task1.V6.Lib\Tyuiu.NikolaichukVS.Sprint2.Task1.V6.Lib.csproj", "{92F555AD-2229-42FA-BCEB-7DCB2E346B33}"
EndProject
Project("{FAE04EC0-301F-11D3-BF4B-00C04F79EFBC}") = "Tyuiu.NikolaichukVS.Sprint2.Task1.V6.Test", "Tyuiu.NikolaichukVS.Sprint2.Task1.V6.Test\Tyuiu.NikolaichukVS.Sprint2.Task1.V6.Test.csproj", "{9289ADE2-37F4-47AF-B5E7-6C3DFF2C45A5}"
EndProject
Global
	GlobalSection(SolutionConfigurationPlatforms) = preSolution
		Debug|Any CPU = Debug|Any CPU
		Release|Any CPU = Release|Any CPU
	EndGlobalSection
	GlobalSection(ProjectConfigurationPlatforms) = postSolution
		{E0BF8A46-0BAB-4D9C-97E7-4FC7655E56F8}.Debug|Any CPU.ActiveCfg = Debug|Any CPU
		{E0BF8A46-0BAB-4D9C-97E7-4FC7655E56F8}.Debug|Any CPU.Build.0 = Debug|Any CPU
		{E0BF8A46-0BAB-4D9C-97E7-4FC7655E56F8}.Release|Any CPU.ActiveCfg = Release|Any CPU
		{E0BF8A46-0BAB-4D9C-97E7-4FC7655E56F8}.Release|Any CPU.Build.0 = Release|Any CPU
		{D9757233-303F-474A-9A45-FA3986B40040}.Debug|Any CPU.ActiveCfg = Debug|Any CPU
		{D9757233-303F-474A-9A45-FA3986B40040}.Debug|Any CPU.Build.0 = Debug|Any CPU
		{D9757233-303F-474A-9A45-FA3986B40040}.Release|Any CPU.ActiveCfg = Release|Any CPU
		{D9757233-303F-474A-9A45-FA3986B40040}.Release|Any CPU.Build.0 = Release|Any CPU
		{1B1A609C-02D9-456D-A252-7AF7519BF7FE}.Debug|Any CPU.ActiveCfg = Debug|Any CPU
		{1B1A609C-02D9-456D-A252-7AF7519BF7FE}.Debug|Any CPU.Build.0 = Debug|Any CPU
		{1B1A609C-02D9-456D-A252-7AF7519BF7FE}.Release|Any CPU.ActiveCfg = Release|Any CPU
		{1B1A609C-02D9-456D-A252-7AF7519BF7FE}.Release|Any CPU.Build.0 = Release|Any CPU
		{A2A4B1E8-F77F-4893-B843-D8B018130996}.Debug|Any CPU.ActiveCfg = Debug|Any CPU
		{A2A4B1E8-F77F-4893-B843-D8B018130996}.Debug|Any CPU.Build.0 = Debug|Any CPU
		{A2A4B1E8-F77F-4893-B843-D8B018130996}.Release|Any CPU.ActiveCfg = Release|Any CPU
		{A2A4B1E8-F77F-4893-B843-D8B018130996}.Release|Any CPU.Build.0 = Release|Any CPU
		{92F555AD-2229-42FA-BCEB-7DCB2E346B33}.Debug|Any CPU.ActiveCfg = Debug|Any CPU
		{92F555AD-2229-42FA-BCEB-7DCB2E346B33}.Debug|Any CPU.Build.0 = Debug|Any CPU
		{92F555AD-2229-42FA-BCEB-7DCB2E346B33}.Release|Any CPU.ActiveCfg = Release|Any CPU
		{92F555AD-2229-42FA-BCEB-7DCB2E346B33}.Release|Any CPU.Build.0 = Release|Any CPU
		{9289ADE2-37F4-47AF-B5E7-6C3DFF2C45A5}.Debug|Any CPU.ActiveCfg = Debug|Any CPU
		{9289ADE2-37F4-47AF-B5E7-6C3DFF2C45A5}.Debug|Any CPU.Build.0 = Debug|Any CPU
		{9289ADE2-37F4-47AF-B5E7-6C3DFF2C45A5}.Release|Any CPU.ActiveCfg = Release|Any CPU
		{9289ADE2-37F4-47AF-B5E7-6C3DFF2C45A5}.Release|Any CPU.Build.0 = Release|Any CPU
	EndGlobalSection
	GlobalSection(SolutionProperties) = preSolution
		HideSolutionNode = FALSE
	EndGlobalSection
	GlobalSection(NestedProjects) = preSolution
		{E0BF8A46-0BAB-4D9C-97E7-4FC7655E56F8} = {2474B753-7FF2-4AFC-B93D-29B4F446C792}
		{D9757233-303F-474A-9A45-FA3986B40040} = {2474B753-7FF2-4AFC-B93D-29B4F446C792}
		{1B1A609C-02D9-456D-A252-7AF7519BF7FE} = {2474B753-7FF2-4AFC-B93D-29B4F446C792}
		{A2A4B1E8-F77F-4893-B843-D8B018130996} = {1DB56AFF-5392-4B4D-ABE6-6C6A621049D2}
		{92F555AD-2229-42FA-BCEB-7DCB2E346B33} = {1DB56AFF-5392-4B4D-ABE6-6C6A621049D2}
		{9289ADE2-37F4-47AF-B5E7-6C3DFF2C45A5} = {1DB56AFF-5392-4B4D-ABE6-6C6A621049D2}
	EndGlobalSection
	GlobalSection(ExtensibilityGlobals) = postSolution
		SolutionGuid = {52BBD579-C817-422C-9758-ABB81A72AB82}
	EndGlobalSection
EndGlobal
